<?xml version="1.0" encoding="utf-8"?>
<Project ToolsVersion="4.0" xmlns="http://schemas.microsoft.com/developer/msbuild/2003">
  <ItemGroup>
    <Filter Include="Graphics">
      <UniqueIdentifier>{bbacf967-0fc9-4066-be08-ecd68e570913}</UniqueIdentifier>
    </Filter>
    <Filter Include="Graphics\Include">
      <UniqueIdentifier>{3afa4fa5-2ca8-4be8-841c-78538ca8ffce}</UniqueIdentifier>
    </Filter>
    <Filter Include="Graphics\Source">
      <UniqueIdentifier>{e1833bbf-85c0-47b9-a7f6-726c05362a08}</UniqueIdentifier>
    </Filter>
    <Filter Include="Collections">
      <UniqueIdentifier>{67b82999-8ccd-40cf-bce9-d286d02f4bfc}</UniqueIdentifier>
    </Filter>
    <Filter Include="Collections\Include">
      <UniqueIdentifier>{7750f017-eb40-4fb8-8ec5-dde57b060b8e}</UniqueIdentifier>
    </Filter>
    <Filter Include="Collections\Source">
      <UniqueIdentifier>{f310c91d-13f5-4549-b3bd-dd3896312c1c}</UniqueIdentifier>
    </Filter>
    <Filter Include="DataTypes">
      <UniqueIdentifier>{72862600-3282-40a0-ba7b-f200751969e3}</UniqueIdentifier>
    </Filter>
    <Filter Include="DataTypes\Include">
      <UniqueIdentifier>{7e1d9920-ee49-4467-bbad-6e7cab43a2d7}</UniqueIdentifier>
    </Filter>
    <Filter Include="DataTypes\Source">
      <UniqueIdentifier>{62d64bf7-dbbe-42cf-baf3-1e5b262b2c81}</UniqueIdentifier>
    </Filter>
    <Filter Include="FileSystem">
      <UniqueIdentifier>{edbac5c1-971b-4dd7-bd27-4b62015143c6}</UniqueIdentifier>
    </Filter>
    <Filter Include="FileSystem\Include">
      <UniqueIdentifier>{fdfafb37-65f6-4ad5-b6e4-827705b23c11}</UniqueIdentifier>
    </Filter>
    <Filter Include="FileSystem\Source">
      <UniqueIdentifier>{35315f67-56d3-48d1-a72e-72c4dffb6c83}</UniqueIdentifier>
    </Filter>
    <Filter Include="Platform">
      <UniqueIdentifier>{711dc683-7a1e-474c-9cb0-c013ef5aebbe}</UniqueIdentifier>
    </Filter>
    <Filter Include="Platform\Include">
      <UniqueIdentifier>{43ef7c92-d69a-4d86-88f4-0e0e7e2b0dd8}</UniqueIdentifier>
    </Filter>
    <Filter Include="Platform\Source">
      <UniqueIdentifier>{ec6417e6-6d5c-4cc1-922a-c1c4b5e4344b}</UniqueIdentifier>
    </Filter>
    <Filter Include="Platform\Source\Win32">
      <UniqueIdentifier>{92f9782c-61fb-4eb7-8e85-5ccaa0eac88a}</UniqueIdentifier>
    </Filter>
    <Filter Include="Platform\Source\Common">
      <UniqueIdentifier>{0e6ef0be-3230-4e59-87ea-4ecc5563303f}</UniqueIdentifier>
    </Filter>
    <Filter Include="Threads">
      <UniqueIdentifier>{a912f58f-91c6-4cab-9ca9-7c50e8a6aab4}</UniqueIdentifier>
    </Filter>
    <Filter Include="Threads\Include">
      <UniqueIdentifier>{32daa3c7-fa76-462c-9570-4f93e8b3ceb7}</UniqueIdentifier>
    </Filter>
    <Filter Include="Threads\Source">
      <UniqueIdentifier>{c9c90f5a-95ae-4cbd-82ea-be552b67b33a}</UniqueIdentifier>
    </Filter>
    <Filter Include="Timer">
      <UniqueIdentifier>{62cd24c7-b79e-4d1c-a68e-fe03876f4a5b}</UniqueIdentifier>
    </Filter>
    <Filter Include="Timer\Include">
      <UniqueIdentifier>{d330bbb5-6958-4d28-a3a1-77ff6a599a20}</UniqueIdentifier>
    </Filter>
    <Filter Include="Timer\Source">
      <UniqueIdentifier>{cf85aa50-4ded-44a1-8063-765541970513}</UniqueIdentifier>
    </Filter>
    <Filter Include="Timer\Source\Win32">
      <UniqueIdentifier>{cc6b2f70-fb66-4988-b61a-2ed876439b25}</UniqueIdentifier>
    </Filter>
  </ItemGroup>
  <ItemGroup>
    <ClInclude Include="..\..\..\Engine\PIL\Graphics\Buffer.h">
      <Filter>Graphics\Include</Filter>
    </ClInclude>
    <ClInclude Include="..\..\..\Engine\PIL\Graphics\OpenGL\Include\Glew.h">
      <Filter>Graphics\Include</Filter>
    </ClInclude>
    <ClInclude Include="..\..\..\Engine\PIL\Graphics\OpenGL\Include\GLTypeConverters.h">
      <Filter>Graphics\Include</Filter>
    </ClInclude>
    <ClInclude Include="..\..\..\Engine\PIL\Graphics\GraphicsConstants.h">
      <Filter>Graphics\Include</Filter>
    </ClInclude>
    <ClInclude Include="..\..\..\Engine\PIL\Graphics\GraphicsTypes.h">
      <Filter>Graphics\Include</Filter>
    </ClInclude>
    <ClInclude Include="..\..\..\Engine\PIL\Graphics\IndexBuffer.h">
      <Filter>Graphics\Include</Filter>
    </ClInclude>
    <ClInclude Include="..\..\..\Engine\PIL\Graphics\Material.h">
      <Filter>Graphics\Include</Filter>
    </ClInclude>
    <ClInclude Include="..\..\..\Engine\PIL\Graphics\MaterialParam.h">
      <Filter>Graphics\Include</Filter>
    </ClInclude>
    <ClInclude Include="..\..\..\Engine\PIL\Graphics\MeshData.h">
      <Filter>Graphics\Include</Filter>
    </ClInclude>
    <ClInclude Include="..\..\..\Engine\PIL\Graphics\MeshRenderer.h">
      <Filter>Graphics\Include</Filter>
    </ClInclude>
    <ClInclude Include="..\..\..\Engine\PIL\Graphics\PrimitiveShapes.h">
      <Filter>Graphics\Include</Filter>
    </ClInclude>
    <ClInclude Include="..\..\..\Engine\PIL\Graphics\Renderer.h">
      <Filter>Graphics\Include</Filter>
    </ClInclude>
    <ClInclude Include="..\..\..\Engine\PIL\Graphics\Shader.h">
      <Filter>Graphics\Include</Filter>
    </ClInclude>
    <ClInclude Include="..\..\..\Engine\PIL\Graphics\stb_image.h">
      <Filter>Graphics\Include</Filter>
    </ClInclude>
    <ClInclude Include="..\..\..\Engine\PIL\Graphics\Texture.h">
      <Filter>Graphics\Include</Filter>
    </ClInclude>
    <ClInclude Include="..\..\..\Engine\PIL\Graphics\Texture2D.h">
      <Filter>Graphics\Include</Filter>
    </ClInclude>
    <ClInclude Include="..\..\..\Engine\PIL\Graphics\VertexArrayList.h">
      <Filter>Graphics\Include</Filter>
    </ClInclude>
    <ClInclude Include="..\..\..\Engine\PIL\Graphics\VertexBuffer.h">
      <Filter>Graphics\Include</Filter>
    </ClInclude>
    <ClInclude Include="..\..\..\Engine\PIL\Collections\Array.h">
      <Filter>Collections\Include</Filter>
    </ClInclude>
    <ClInclude Include="..\..\..\Engine\PIL\Collections\Dictionary.h">
      <Filter>Collections\Include</Filter>
    </ClInclude>
    <ClInclude Include="..\..\..\Engine\PIL\Collections\DynamicPool.h">
      <Filter>Collections\Include</Filter>
    </ClInclude>
    <ClInclude Include="..\..\..\Engine\PIL\Collections\LinkedList.h">
      <Filter>Collections\Include</Filter>
    </ClInclude>
    <ClInclude Include="..\..\..\Engine\PIL\Collections\Pool.h">
      <Filter>Collections\Include</Filter>
    </ClInclude>
    <ClInclude Include="..\..\..\Engine\PIL\Collections\Queue.h">
      <Filter>Collections\Include</Filter>
    </ClInclude>
    <ClInclude Include="..\..\..\Engine\PIL\Collections\Stack.h">
      <Filter>Collections\Include</Filter>
    </ClInclude>
    <ClInclude Include="..\..\..\Engine\PIL\Collections\StaticPool.h">
      <Filter>Collections\Include</Filter>
    </ClInclude>
    <ClInclude Include="..\..\..\Engine\PIL\DataTypes\PlatformTypes.h">
      <Filter>DataTypes\Include</Filter>
    </ClInclude>
    <ClInclude Include="..\..\..\Engine\PIL\FileSystem\TextFile.h">
      <Filter>FileSystem\Include</Filter>
    </ClInclude>
    <ClInclude Include="..\..\..\Engine\PIL\FileSystem\FilePath.h">
      <Filter>FileSystem\Include</Filter>
    </ClInclude>
    <ClInclude Include="..\..\..\Engine\PIL\Platform\Environment.h">
      <Filter>Platform\Include</Filter>
    </ClInclude>
    <ClInclude Include="..\..\..\Engine\PIL\Platform\Input.h">
      <Filter>Platform\Include</Filter>
    </ClInclude>
    <ClInclude Include="..\..\..\Engine\PIL\Platform\InputTypes.h">
      <Filter>Platform\Include</Filter>
    </ClInclude>
    <ClInclude Include="..\..\..\Engine\PIL\Platform\KeyCode.h">
      <Filter>Platform\Include</Filter>
    </ClInclude>
    <ClInclude Include="..\..\..\Engine\PIL\Platform\Window.h">
      <Filter>Platform\Include</Filter>
    </ClInclude>
    <ClInclude Include="..\..\..\Engine\PIL\Threads\Thread.h">
      <Filter>Threads\Include</Filter>
    </ClInclude>
    <ClInclude Include="..\..\..\Engine\PIL\Threads\Mutex.h">
      <Filter>Threads\Include</Filter>
    </ClInclude>
    <ClInclude Include="..\..\..\Engine\PIL\Threads\ConditionVariable.h">
      <Filter>Threads\Include</Filter>
    </ClInclude>
    <ClInclude Include="..\..\..\Engine\PIL\Timer\Timer.h">
      <Filter>Timer\Include</Filter>
    </ClInclude>
    <ClInclude Include="..\..\..\Engine\PIL\Timer\Time.h">
      <Filter>Timer\Include</Filter>
    </ClInclude>
    <ClInclude Include="..\..\..\Engine\PIL\Collections\String.h">
      <Filter>Collections\Include</Filter>
    </ClInclude>
    <ClInclude Include="..\..\..\Engine\PIL\PILAPI.h" />
  </ItemGroup>
  <ItemGroup>
    <ClCompile Include="..\..\..\Engine\PIL\Graphics\OpenGL\Source\Buffer.cpp">
      <Filter>Graphics\Source</Filter>
    </ClCompile>
    <ClCompile Include="..\..\..\Engine\PIL\Graphics\OpenGL\Source\IndexBuffer.cpp">
      <Filter>Graphics\Source</Filter>
    </ClCompile>
    <ClCompile Include="..\..\..\Engine\PIL\Graphics\OpenGL\Source\Material.cpp">
      <Filter>Graphics\Source</Filter>
    </ClCompile>
    <ClCompile Include="..\..\..\Engine\PIL\Graphics\OpenGL\Source\MaterialParam.cpp">
      <Filter>Graphics\Source</Filter>
    </ClCompile>
    <ClCompile Include="..\..\..\Engine\PIL\Graphics\OpenGL\Source\MeshData.cpp">
      <Filter>Graphics\Source</Filter>
    </ClCompile>
    <ClCompile Include="..\..\..\Engine\PIL\Graphics\OpenGL\Source\MeshRenderer.cpp">
      <Filter>Graphics\Source</Filter>
    </ClCompile>
    <ClCompile Include="..\..\..\Engine\PIL\Graphics\OpenGL\Source\PrimitiveShapes.cpp">
      <Filter>Graphics\Source</Filter>
    </ClCompile>
    <ClCompile Include="..\..\..\Engine\PIL\Graphics\OpenGL\Source\Renderer.cpp">
      <Filter>Graphics\Source</Filter>
    </ClCompile>
    <ClCompile Include="..\..\..\Engine\PIL\Graphics\OpenGL\Source\Shader.cpp">
      <Filter>Graphics\Source</Filter>
    </ClCompile>
    <ClCompile Include="..\..\..\Engine\PIL\Graphics\OpenGL\Source\Texture.cpp">
      <Filter>Graphics\Source</Filter>
    </ClCompile>
    <ClCompile Include="..\..\..\Engine\PIL\Graphics\OpenGL\Source\Texture2D.cpp">
      <Filter>Graphics\Source</Filter>
    </ClCompile>
    <ClCompile Include="..\..\..\Engine\PIL\Graphics\OpenGL\Source\VertexArrayList.cpp">
      <Filter>Graphics\Source</Filter>
    </ClCompile>
    <ClCompile Include="..\..\..\Engine\PIL\Graphics\OpenGL\Source\VertexBuffer.cpp">
      <Filter>Graphics\Source</Filter>
    </ClCompile>
    <ClCompile Include="..\..\..\Engine\PIL\FileSystem\Common\FilePath.cpp">
      <Filter>FileSystem\Source</Filter>
    </ClCompile>
    <ClCompile Include="..\..\..\Engine\PIL\FileSystem\Common\TextFile.cpp">
      <Filter>FileSystem\Source</Filter>
    </ClCompile>
    <ClCompile Include="..\..\..\Engine\PIL\Platform\Win32\Input.cpp">
      <Filter>Platform\Source\Win32</Filter>
    </ClCompile>
    <ClCompile Include="..\..\..\Engine\PIL\Platform\Win32\Window.cpp">
      <Filter>Platform\Source\Win32</Filter>
    </ClCompile>
    <ClCompile Include="..\..\..\Engine\PIL\Platform\Common\Environment.cpp">
      <Filter>Platform\Source\Common</Filter>
    </ClCompile>
    <ClCompile Include="..\..\..\Engine\PIL\Timer\Win32\Time.cpp">
      <Filter>Timer\Source\Win32</Filter>
    </ClCompile>
    <ClCompile Include="..\..\..\Engine\PIL\Timer\Win32\Timer.cpp">
      <Filter>Timer\Source\Win32</Filter>
    </ClCompile>
  </ItemGroup>
</Project>