<?xml version="1.0" encoding="utf-8"?>
<Project ToolsVersion="4.0" xmlns="http://schemas.microsoft.com/developer/msbuild/2003">
  <ItemGroup>
    <Filter Include="Core">
      <UniqueIdentifier>{67badb58-229d-4e65-8d09-08f5577ff486}</UniqueIdentifier>
    </Filter>
    <Filter Include="Core\Graphics">
      <UniqueIdentifier>{f521d9af-0edd-4c8e-a64e-d9d5ab78f3a5}</UniqueIdentifier>
    </Filter>
    <Filter Include="Core\Graphics\Include">
      <UniqueIdentifier>{92ce82c4-1808-46f3-bf40-4babe7605fd3}</UniqueIdentifier>
    </Filter>
    <Filter Include="Core\Graphics\Source">
      <UniqueIdentifier>{29881860-964c-4362-b5dd-ffa2bfb2e880}</UniqueIdentifier>
    </Filter>
    <Filter Include="Core\Graphics\Private">
      <UniqueIdentifier>{9093d46a-ba93-4b9f-bc8b-26a002b33187}</UniqueIdentifier>
    </Filter>
    <Filter Include="Core\Engine">
      <UniqueIdentifier>{bcfe195d-87ac-441f-9d88-148423770b6f}</UniqueIdentifier>
    </Filter>
    <Filter Include="Core\Engine\Source">
      <UniqueIdentifier>{a0eda228-3983-44a4-93d8-9942c183e677}</UniqueIdentifier>
    </Filter>
    <Filter Include="Core\Engine\Include">
      <UniqueIdentifier>{732bdcbb-1208-4eec-9c5d-832c258f0edc}</UniqueIdentifier>
    </Filter>
    <Filter Include="Core\Engine\Private">
      <UniqueIdentifier>{4b2d3fe0-e094-4350-a548-97eed6a70e42}</UniqueIdentifier>
    </Filter>
    <Filter Include="Core\File">
      <UniqueIdentifier>{ec372b63-98ef-48d2-9226-14db2a7b202c}</UniqueIdentifier>
    </Filter>
    <Filter Include="Core\File\Include">
      <UniqueIdentifier>{22cc964a-f3fe-415b-93ef-4e9fc48cd9b2}</UniqueIdentifier>
    </Filter>
    <Filter Include="Core\File\Private">
      <UniqueIdentifier>{3585e9ae-417a-4002-8310-970e035610e4}</UniqueIdentifier>
    </Filter>
    <Filter Include="Core\File\Source">
      <UniqueIdentifier>{2270c3a6-f3e3-4785-a9fd-e6893b8020d1}</UniqueIdentifier>
    </Filter>
    <Filter Include="Core\Data Structures">
      <UniqueIdentifier>{22d40857-bf6e-4b44-a5ff-27ee50113e3c}</UniqueIdentifier>
    </Filter>
    <Filter Include="Core\Data Structures\Include">
      <UniqueIdentifier>{741c5414-929c-41cc-8b14-f0b269bd3d50}</UniqueIdentifier>
    </Filter>
    <Filter Include="Core\Data Structures\Source">
      <UniqueIdentifier>{9c2acd55-02ce-4b1f-a595-30bb54d5b541}</UniqueIdentifier>
    </Filter>
    <Filter Include="Core\UI">
      <UniqueIdentifier>{fde9bee0-417f-40ee-9357-2a25b511d083}</UniqueIdentifier>
    </Filter>
    <Filter Include="Core\UI\Include">
      <UniqueIdentifier>{71b52a4c-421d-44e8-baed-a7246484000d}</UniqueIdentifier>
    </Filter>
    <Filter Include="Core\UI\Source">
      <UniqueIdentifier>{ab113b54-bcaf-450b-b0ea-0ca4ae055a37}</UniqueIdentifier>
    </Filter>
    <Filter Include="Core\Threads">
      <UniqueIdentifier>{95c0ae6e-fd83-45ac-b610-5b6896220397}</UniqueIdentifier>
    </Filter>
    <Filter Include="Core\Threads\Include">
      <UniqueIdentifier>{235eca0b-f2e5-450c-81fd-42dbcbebf53b}</UniqueIdentifier>
    </Filter>
    <Filter Include="Core\Threads\Source">
      <UniqueIdentifier>{3ad1422f-2cd1-4621-8250-a0b1e2216058}</UniqueIdentifier>
    </Filter>
    <Filter Include="Core\Threads\Private">
      <UniqueIdentifier>{054c73f4-2797-490a-ac66-85e9977a9bb1}</UniqueIdentifier>
    </Filter>
    <Filter Include="Core\Input">
      <UniqueIdentifier>{4f8a595c-e7a7-49f5-81ca-8031dbd5ce2f}</UniqueIdentifier>
    </Filter>
    <Filter Include="Core\Input\Include">
      <UniqueIdentifier>{76813549-3280-42c5-8b3f-f3f1ff1d897f}</UniqueIdentifier>
    </Filter>
    <Filter Include="Core\Input\Source">
      <UniqueIdentifier>{7b32dcf0-cba3-41dd-a037-1dc14bfee1ad}</UniqueIdentifier>
    </Filter>
    <Filter Include="Core\Input\Private">
      <UniqueIdentifier>{218fc764-c0a5-4191-a08e-e4677b2f22cb}</UniqueIdentifier>
    </Filter>
    <Filter Include="Core\Platform">
      <UniqueIdentifier>{6ef6a890-00a2-4773-9f95-d2060d95ab61}</UniqueIdentifier>
    </Filter>
    <Filter Include="Core\Platform\Include">
      <UniqueIdentifier>{a38acd22-f01e-44a3-b466-770ccb584c56}</UniqueIdentifier>
    </Filter>
    <Filter Include="Core\Platform\Source">
      <UniqueIdentifier>{82efdd64-654f-4c26-bc16-33474537d9ab}</UniqueIdentifier>
    </Filter>
    <Filter Include="Core\Platform\Private">
      <UniqueIdentifier>{394951c3-ec68-4f5c-a53f-a64dcfdd7280}</UniqueIdentifier>
    </Filter>
    <Filter Include="Core\Platform\Private\Windows">
      <UniqueIdentifier>{07b802a4-ea6e-4edd-8db4-c67ca4279885}</UniqueIdentifier>
    </Filter>
    <Filter Include="Core\Reflection">
      <UniqueIdentifier>{988bdb4a-c34b-41a7-818f-c81dab9567b3}</UniqueIdentifier>
    </Filter>
    <Filter Include="Core\Reflection\Ponder">
      <UniqueIdentifier>{d42b1ca2-6cf0-4658-bff9-7411b1b74c7e}</UniqueIdentifier>
    </Filter>
    <Filter Include="Core\Reflection\Ponder\Include">
      <UniqueIdentifier>{f3f2ea84-2812-4cc8-9a23-b701fb3b94e4}</UniqueIdentifier>
    </Filter>
    <Filter Include="Core\Reflection\Ponder\Source">
      <UniqueIdentifier>{1c460f09-8fc2-48fd-a925-19bc930e1c34}</UniqueIdentifier>
    </Filter>
  </ItemGroup>
  <ItemGroup>
    <ClCompile Include="..\..\..\..\Engine\Core\Source\Renderer.cpp">
      <Filter>Core\Graphics\Source</Filter>
    </ClCompile>
    <ClCompile Include="..\..\..\..\Engine\Core\Source\Shader.cpp">
      <Filter>Core\Graphics\Source</Filter>
    </ClCompile>
    <ClCompile Include="..\..\..\..\Engine\Core\Source\VertexBuffer.cpp">
      <Filter>Core\Graphics\Source</Filter>
    </ClCompile>
    <ClCompile Include="..\..\..\..\Engine\Core\Source\Engine.cpp">
      <Filter>Core\Engine\Source</Filter>
    </ClCompile>
    <ClCompile Include="..\..\..\..\Engine\Core\Source\TextFile.cpp">
      <Filter>Core\File\Source</Filter>
    </ClCompile>
    <ClCompile Include="..\..\..\..\Engine\Core\Source\VertexArrayList.cpp">
      <Filter>Core\Graphics\Source</Filter>
    </ClCompile>
    <ClCompile Include="..\..\..\..\Engine\Core\Source\PrimitiveShapes.cpp">
      <Filter>Core\Graphics\Source</Filter>
    </ClCompile>
    <ClCompile Include="..\..\..\..\Engine\Core\Source\Buffer.cpp">
      <Filter>Core\Graphics\Source</Filter>
    </ClCompile>
    <ClCompile Include="..\..\..\..\Engine\Core\Source\IndexBuffer.cpp">
      <Filter>Core\Graphics\Source</Filter>
    </ClCompile>
    <ClCompile Include="..\..\..\..\Engine\Core\Source\Texture.cpp">
      <Filter>Core\Graphics\Source</Filter>
    </ClCompile>
    <ClCompile Include="..\..\..\..\Engine\Core\Source\VTypes.cpp">
      <Filter>Core\Engine\Source</Filter>
    </ClCompile>
    <ClCompile Include="..\..\..\..\Engine\Core\Source\Texture2D.cpp">
      <Filter>Core\Graphics\Source</Filter>
    </ClCompile>
    <ClCompile Include="..\..\..\..\Engine\Core\Source\FilePath.cpp">
      <Filter>Core\File\Source</Filter>
    </ClCompile>
    <ClCompile Include="..\..\..\..\Engine\Core\Source\Environment.cpp">
      <Filter>Core\File\Source</Filter>
    </ClCompile>
    <ClCompile Include="..\..\..\..\Engine\Core\Source\Hash.cpp">
      <Filter>Core\Engine\Source</Filter>
    </ClCompile>
    <ClCompile Include="..\..\..\..\Engine\Core\Source\MeshRenderer.cpp">
      <Filter>Core\Graphics\Source</Filter>
    </ClCompile>
    <ClCompile Include="..\..\..\..\Engine\Core\Source\MeshData.cpp">
      <Filter>Core\Graphics\Source</Filter>
    </ClCompile>
    <ClCompile Include="..\..\..\..\Engine\Core\Source\Material.cpp">
      <Filter>Core\Graphics\Source</Filter>
    </ClCompile>
    <ClCompile Include="..\..\..\..\Engine\Core\Source\MaterialParam.cpp">
      <Filter>Core\Graphics\Source</Filter>
    </ClCompile>
    <ClCompile Include="..\..\..\..\Engine\Core\Source\ObjImporter.cpp">
      <Filter>Core\File\Source</Filter>
    </ClCompile>
    <ClCompile Include="..\..\..\..\Engine\Core\Source\Input.cpp">
      <Filter>Core\Input\Source</Filter>
    </ClCompile>
    <ClCompile Include="..\..\..\..\Engine\Core\Private\Windows\Window.cpp">
      <Filter>Core\Platform\Private\Windows</Filter>
    </ClCompile>
    <ClCompile Include="..\..\..\..\Engine\Core\Source\VTime.cpp">
      <Filter>Core\Engine\Source</Filter>
    </ClCompile>
    <ClCompile Include="..\..\..\..\..\..\Downloads\ponder\src\classvisitor.cpp">
      <Filter>Core\Reflection\Ponder\Source</Filter>
    </ClCompile>
    <ClCompile Include="..\..\..\..\..\..\Downloads\ponder\src\enum.cpp">
      <Filter>Core\Reflection\Ponder\Source</Filter>
    </ClCompile>
    <ClCompile Include="..\..\..\..\..\..\Downloads\ponder\src\enumbuilder.cpp">
      <Filter>Core\Reflection\Ponder\Source</Filter>
    </ClCompile>
    <ClCompile Include="..\..\..\..\..\..\Downloads\ponder\src\enummanager.cpp">
      <Filter>Core\Reflection\Ponder\Source</Filter>
    </ClCompile>
    <ClCompile Include="..\..\..\..\..\..\Downloads\ponder\src\enumobject.cpp">
      <Filter>Core\Reflection\Ponder\Source</Filter>
    </ClCompile>
    <ClCompile Include="..\..\..\..\..\..\Downloads\ponder\src\enumproperty.cpp">
      <Filter>Core\Reflection\Ponder\Source</Filter>
    </ClCompile>
    <ClCompile Include="..\..\..\..\..\..\Downloads\ponder\src\error.cpp">
      <Filter>Core\Reflection\Ponder\Source</Filter>
    </ClCompile>
    <ClCompile Include="..\..\..\..\..\..\Downloads\ponder\src\errors.cpp">
      <Filter>Core\Reflection\Ponder\Source</Filter>
    </ClCompile>
    <ClCompile Include="..\..\..\..\..\..\Downloads\ponder\src\format.cpp">
      <Filter>Core\Reflection\Ponder\Source</Filter>
    </ClCompile>
    <ClCompile Include="..\..\..\..\..\..\Downloads\ponder\src\function.cpp">
      <Filter>Core\Reflection\Ponder\Source</Filter>
    </ClCompile>
    <ClCompile Include="..\..\..\..\..\..\Downloads\ponder\src\observer.cpp">
      <Filter>Core\Reflection\Ponder\Source</Filter>
    </ClCompile>
    <ClCompile Include="..\..\..\..\..\..\Downloads\ponder\src\observernotifier.cpp">
      <Filter>Core\Reflection\Ponder\Source</Filter>
    </ClCompile>
    <ClCompile Include="..\..\..\..\..\..\Downloads\ponder\src\pondertype.cpp">
      <Filter>Core\Reflection\Ponder\Source</Filter>
    </ClCompile>
    <ClCompile Include="..\..\..\..\..\..\Downloads\ponder\src\property.cpp">
      <Filter>Core\Reflection\Ponder\Source</Filter>
    </ClCompile>
    <ClCompile Include="..\..\..\..\..\..\Downloads\ponder\src\simpleproperty.cpp">
      <Filter>Core\Reflection\Ponder\Source</Filter>
    </ClCompile>
    <ClCompile Include="..\..\..\..\..\..\Downloads\ponder\src\tagholder.cpp">
      <Filter>Core\Reflection\Ponder\Source</Filter>
    </ClCompile>
    <ClCompile Include="..\..\..\..\..\..\Downloads\ponder\src\userobject.cpp">
      <Filter>Core\Reflection\Ponder\Source</Filter>
    </ClCompile>
    <ClCompile Include="..\..\..\..\..\..\Downloads\ponder\src\userproperty.cpp">
      <Filter>Core\Reflection\Ponder\Source</Filter>
    </ClCompile>
    <ClCompile Include="..\..\..\..\..\..\Downloads\ponder\src\util.cpp">
      <Filter>Core\Reflection\Ponder\Source</Filter>
    </ClCompile>
    <ClCompile Include="..\..\..\..\..\..\Downloads\ponder\src\value.cpp">
      <Filter>Core\Reflection\Ponder\Source</Filter>
    </ClCompile>
    <ClCompile Include="..\..\..\..\..\..\Downloads\ponder\src\args.cpp">
      <Filter>Core\Reflection\Ponder\Source</Filter>
    </ClCompile>
    <ClCompile Include="..\..\..\..\..\..\Downloads\ponder\src\arrayproperty.cpp">
      <Filter>Core\Reflection\Ponder\Source</Filter>
    </ClCompile>
    <ClCompile Include="..\..\..\..\..\..\Downloads\ponder\src\class.cpp">
      <Filter>Core\Reflection\Ponder\Source</Filter>
    </ClCompile>
    <ClCompile Include="..\..\..\..\..\..\Downloads\ponder\src\classcast.cpp">
      <Filter>Core\Reflection\Ponder\Source</Filter>
    </ClCompile>
    <ClCompile Include="..\..\..\..\..\..\Downloads\ponder\src\classmanager.cpp">
      <Filter>Core\Reflection\Ponder\Source</Filter>
    </ClCompile>
  </ItemGroup>
  <ItemGroup>
    <ClInclude Include="..\..\..\..\Engine\Core\Include\VertexBuffer.h">
      <Filter>Core\Graphics\Include</Filter>
    </ClInclude>
    <ClInclude Include="..\..\..\..\Engine\Core\Include\Renderer.h">
      <Filter>Core\Graphics\Include</Filter>
    </ClInclude>
    <ClInclude Include="..\..\..\..\Engine\Core\Private\Glew.h">
      <Filter>Core\Graphics\Private</Filter>
    </ClInclude>
    <ClInclude Include="..\..\..\..\Engine\Core\Include\Shader.h">
      <Filter>Core\Graphics\Include</Filter>
    </ClInclude>
    <ClInclude Include="..\..\..\..\Engine\Core\Include\CoreAPI.h">
      <Filter>Core\Engine\Include</Filter>
    </ClInclude>
    <ClInclude Include="..\..\..\..\Engine\Core\Include\Engine.h">
      <Filter>Core\Engine\Include</Filter>
    </ClInclude>
    <ClInclude Include="..\..\..\..\Engine\Core\Include\Singleton.h">
      <Filter>Core\Engine\Include</Filter>
    </ClInclude>
    <ClInclude Include="..\..\..\..\Engine\Core\Include\VString.h">
      <Filter>Core\Engine\Include</Filter>
    </ClInclude>
    <ClInclude Include="..\..\..\..\Engine\Core\Include\VTypes.h">
      <Filter>Core\Engine\Include</Filter>
    </ClInclude>
    <ClInclude Include="..\..\..\..\Engine\Core\Include\TextFile.h">
      <Filter>Core\File\Include</Filter>
    </ClInclude>
    <ClInclude Include="..\..\..\..\Engine\Core\Include\VertexArrayList.h">
      <Filter>Core\Graphics\Include</Filter>
    </ClInclude>
    <ClInclude Include="..\..\..\..\Engine\Core\Include\Delegate.h">
      <Filter>Core\Engine\Include</Filter>
    </ClInclude>
    <ClInclude Include="..\..\..\..\Engine\Core\Include\EngineConstants.h">
      <Filter>Core\Engine\Include</Filter>
    </ClInclude>
    <ClInclude Include="..\..\..\..\Engine\Core\Include\PrimitiveShapes.h">
      <Filter>Core\Graphics\Include</Filter>
    </ClInclude>
    <ClInclude Include="..\..\..\..\Engine\Core\Include\Buffer.h">
      <Filter>Core\Graphics\Include</Filter>
    </ClInclude>
    <ClInclude Include="..\..\..\..\Engine\Core\Include\IndexBuffer.h">
      <Filter>Core\Graphics\Include</Filter>
    </ClInclude>
    <ClInclude Include="..\..\..\..\Engine\Core\Include\Texture.h">
      <Filter>Core\Graphics\Include</Filter>
    </ClInclude>
    <ClInclude Include="..\..\..\..\Engine\Core\Include\Texture2D.h">
      <Filter>Core\Graphics\Include</Filter>
    </ClInclude>
    <ClInclude Include="..\..\..\..\Engine\Core\Private\stb_image.h">
      <Filter>Core\Graphics\Private</Filter>
    </ClInclude>
    <ClInclude Include="..\..\..\..\Engine\Core\Include\FilePath.h">
      <Filter>Core\File\Include</Filter>
    </ClInclude>
    <ClInclude Include="..\..\..\..\Engine\Core\Include\Environment.h">
      <Filter>Core\File\Include</Filter>
    </ClInclude>
    <ClInclude Include="..\..\..\..\Engine\Core\Include\Hash.h">
      <Filter>Core\Engine\Include</Filter>
    </ClInclude>
    <ClInclude Include="..\..\..\..\Engine\Core\Include\EngineMacros.h">
      <Filter>Core\Engine\Include</Filter>
    </ClInclude>
    <ClInclude Include="..\..\..\..\Engine\Core\Include\MeshRenderer.h">
      <Filter>Core\Graphics\Include</Filter>
    </ClInclude>
    <ClInclude Include="..\..\..\..\Engine\Core\Include\MeshData.h">
      <Filter>Core\Graphics\Include</Filter>
    </ClInclude>
    <ClInclude Include="..\..\..\..\Engine\Core\Include\Material.h">
      <Filter>Core\Graphics\Include</Filter>
    </ClInclude>
    <ClInclude Include="..\..\..\..\Engine\Core\Include\LinkedList.h">
      <Filter>Core\Data Structures\Include</Filter>
    </ClInclude>
    <ClInclude Include="..\..\..\..\Engine\Core\Include\MaterialParam.h">
      <Filter>Core\Graphics\Include</Filter>
    </ClInclude>
    <ClInclude Include="..\..\..\..\Engine\Core\Include\DynamicPool.h">
      <Filter>Core\Data Structures\Include</Filter>
    </ClInclude>
    <ClInclude Include="..\..\..\..\Engine\Core\Include\Array.h">
      <Filter>Core\Data Structures\Include</Filter>
    </ClInclude>
    <ClInclude Include="..\..\..\..\Engine\Core\Include\Thread.h">
      <Filter>Core\Threads\Include</Filter>
    </ClInclude>
    <ClInclude Include="..\..\..\..\Engine\Core\Include\Mutex.h">
      <Filter>Core\Threads\Include</Filter>
    </ClInclude>
    <ClInclude Include="..\..\..\..\Engine\Core\Include\ConditionVar.h">
      <Filter>Core\Threads\Include</Filter>
    </ClInclude>
    <ClInclude Include="..\..\..\..\Engine\Core\Include\StaticPool.h">
      <Filter>Core\Data Structures\Include</Filter>
    </ClInclude>
    <ClInclude Include="..\..\..\..\Engine\Core\Include\Pool.h">
      <Filter>Core\Data Structures\Include</Filter>
    </ClInclude>
    <ClInclude Include="..\..\..\..\Engine\Core\Include\Queue.h">
      <Filter>Core\Data Structures\Include</Filter>
    </ClInclude>
    <ClInclude Include="..\..\..\..\Engine\Core\Include\Stack.h">
      <Filter>Core\Data Structures\Include</Filter>
    </ClInclude>
    <ClInclude Include="..\..\..\..\Engine\Core\Include\Dictionary.h">
      <Filter>Core\Data Structures\Include</Filter>
    </ClInclude>
    <ClInclude Include="..\..\..\..\Engine\Core\Include\ObjImporter.h">
      <Filter>Core\File\Include</Filter>
    </ClInclude>
    <ClInclude Include="..\..\..\..\Engine\Core\Include\Input.h">
      <Filter>Core\Input\Include</Filter>
    </ClInclude>
    <ClInclude Include="..\..\..\..\Engine\Core\Include\KeyCode.h">
      <Filter>Core\Input\Include</Filter>
    </ClInclude>
    <ClInclude Include="..\..\..\..\Engine\Core\Include\InputTypes.h">
      <Filter>Core\Input\Include</Filter>
    </ClInclude>
    <ClInclude Include="..\..\..\..\Engine\Core\Include\Window.h">
      <Filter>Core\Platform\Include</Filter>
    </ClInclude>
    <ClInclude Include="..\..\..\..\Engine\Core\Include\VTime.h">
      <Filter>Core\Engine\Include</Filter>
    </ClInclude>
    <ClInclude Include="..\..\..\..\Engine\Core\Include\ponder\args.hpp">
      <Filter>Core\Reflection\Ponder\Include</Filter>
    </ClInclude>
    <ClInclude Include="..\..\..\..\Engine\Core\Include\ponder\arraymapper.hpp">
      <Filter>Core\Reflection\Ponder\Include</Filter>
    </ClInclude>
    <ClInclude Include="..\..\..\..\Engine\Core\Include\ponder\arrayproperty.hpp">
      <Filter>Core\Reflection\Ponder\Include</Filter>
    </ClInclude>
    <ClInclude Include="..\..\..\..\Engine\Core\Include\ponder\class.hpp">
      <Filter>Core\Reflection\Ponder\Include</Filter>
    </ClInclude>
    <ClInclude Include="..\..\..\..\Engine\Core\Include\ponder\classbuilder.hpp">
      <Filter>Core\Reflection\Ponder\Include</Filter>
    </ClInclude>
    <ClInclude Include="..\..\..\..\Engine\Core\Include\ponder\classcast.hpp">
      <Filter>Core\Reflection\Ponder\Include</Filter>
    </ClInclude>
    <ClInclude Include="..\..\..\..\Engine\Core\Include\ponder\classget.hpp">
      <Filter>Core\Reflection\Ponder\Include</Filter>
    </ClInclude>
    <ClInclude Include="..\..\..\..\Engine\Core\Include\ponder\classvisitor.hpp">
      <Filter>Core\Reflection\Ponder\Include</Filter>
    </ClInclude>
    <ClInclude Include="..\..\..\..\Engine\Core\Include\ponder\config.hpp">
      <Filter>Core\Reflection\Ponder\Include</Filter>
    </ClInclude>
    <ClInclude Include="..\..\..\..\Engine\Core\Include\ponder\constructor.hpp">
      <Filter>Core\Reflection\Ponder\Include</Filter>
    </ClInclude>
    <ClInclude Include="..\..\..\..\Engine\Core\Include\ponder\detail\arraypropertyimpl.hpp">
      <Filter>Core\Reflection\Ponder\Include</Filter>
    </ClInclude>
    <ClInclude Include="..\..\..\..\Engine\Core\Include\ponder\detail\classmanager.hpp">
      <Filter>Core\Reflection\Ponder\Include</Filter>
    </ClInclude>
    <ClInclude Include="..\..\..\..\Engine\Core\Include\ponder\detail\constructorimpl.hpp">
      <Filter>Core\Reflection\Ponder\Include</Filter>
    </ClInclude>
    <ClInclude Include="..\..\..\..\Engine\Core\Include\ponder\detail\dictionary.hpp">
      <Filter>Core\Reflection\Ponder\Include</Filter>
    </ClInclude>
    <ClInclude Include="..\..\..\..\Engine\Core\Include\ponder\detail\enummanager.hpp">
      <Filter>Core\Reflection\Ponder\Include</Filter>
    </ClInclude>
    <ClInclude Include="..\..\..\..\Engine\Core\Include\ponder\detail\enumpropertyimpl.hpp">
      <Filter>Core\Reflection\Ponder\Include</Filter>
    </ClInclude>
    <ClInclude Include="..\..\..\..\Engine\Core\Include\ponder\detail\functionimpl.hpp">
      <Filter>Core\Reflection\Ponder\Include</Filter>
    </ClInclude>
    <ClInclude Include="..\..\..\..\Engine\Core\Include\ponder\detail\functiontraits.hpp">
      <Filter>Core\Reflection\Ponder\Include</Filter>
    </ClInclude>
    <ClInclude Include="..\..\..\..\Engine\Core\Include\ponder\detail\getter.hpp">
      <Filter>Core\Reflection\Ponder\Include</Filter>
    </ClInclude>
    <ClInclude Include="..\..\..\..\Engine\Core\Include\ponder\detail\issmartpointer.hpp">
      <Filter>Core\Reflection\Ponder\Include</Filter>
    </ClInclude>
    <ClInclude Include="..\..\..\..\Engine\Core\Include\ponder\detail\objectholder.hpp">
      <Filter>Core\Reflection\Ponder\Include</Filter>
    </ClInclude>
    <ClInclude Include="..\..\..\..\Engine\Core\Include\ponder\detail\objecttraits.hpp">
      <Filter>Core\Reflection\Ponder\Include</Filter>
    </ClInclude>
    <ClInclude Include="..\..\..\..\Engine\Core\Include\ponder\detail\observernotifier.hpp">
      <Filter>Core\Reflection\Ponder\Include</Filter>
    </ClInclude>
    <ClInclude Include="..\..\..\..\Engine\Core\Include\ponder\detail\propertyfactory.hpp">
      <Filter>Core\Reflection\Ponder\Include</Filter>
    </ClInclude>
    <ClInclude Include="..\..\..\..\Engine\Core\Include\ponder\detail\rawtype.hpp">
      <Filter>Core\Reflection\Ponder\Include</Filter>
    </ClInclude>
    <ClInclude Include="..\..\..\..\Engine\Core\Include\ponder\detail\returntype.hpp">
      <Filter>Core\Reflection\Ponder\Include</Filter>
    </ClInclude>
    <ClInclude Include="..\..\..\..\Engine\Core\Include\ponder\detail\simplepropertyimpl.hpp">
      <Filter>Core\Reflection\Ponder\Include</Filter>
    </ClInclude>
    <ClInclude Include="..\..\..\..\Engine\Core\Include\ponder\detail\typeid.hpp">
      <Filter>Core\Reflection\Ponder\Include</Filter>
    </ClInclude>
    <ClInclude Include="..\..\..\..\Engine\Core\Include\ponder\detail\userpropertyimpl.hpp">
      <Filter>Core\Reflection\Ponder\Include</Filter>
    </ClInclude>
    <ClInclude Include="..\..\..\..\Engine\Core\Include\ponder\detail\util.hpp">
      <Filter>Core\Reflection\Ponder\Include</Filter>
    </ClInclude>
    <ClInclude Include="..\..\..\..\Engine\Core\Include\ponder\detail\valueimpl.hpp">
      <Filter>Core\Reflection\Ponder\Include</Filter>
    </ClInclude>
    <ClInclude Include="..\..\..\..\Engine\Core\Include\ponder\detail\valueprovider.hpp">
      <Filter>Core\Reflection\Ponder\Include</Filter>
    </ClInclude>
    <ClInclude Include="..\..\..\..\Engine\Core\Include\ponder\detail\variant.hpp">
      <Filter>Core\Reflection\Ponder\Include</Filter>
    </ClInclude>
    <ClInclude Include="..\..\..\..\Engine\Core\Include\ponder\detail\variant_recursive_wrapper.hpp">
      <Filter>Core\Reflection\Ponder\Include</Filter>
    </ClInclude>
    <ClInclude Include="..\..\..\..\Engine\Core\Include\ponder\detail\yesnotype.hpp">
      <Filter>Core\Reflection\Ponder\Include</Filter>
    </ClInclude>
    <ClInclude Include="..\..\..\..\Engine\Core\Include\ponder\enum.hpp">
      <Filter>Core\Reflection\Ponder\Include</Filter>
    </ClInclude>
    <ClInclude Include="..\..\..\..\Engine\Core\Include\ponder\enumbuilder.hpp">
      <Filter>Core\Reflection\Ponder\Include</Filter>
    </ClInclude>
    <ClInclude Include="..\..\..\..\Engine\Core\Include\ponder\enumget.hpp">
      <Filter>Core\Reflection\Ponder\Include</Filter>
    </ClInclude>
    <ClInclude Include="..\..\..\..\Engine\Core\Include\ponder\enumobject.hpp">
      <Filter>Core\Reflection\Ponder\Include</Filter>
    </ClInclude>
    <ClInclude Include="..\..\..\..\Engine\Core\Include\ponder\enumproperty.hpp">
      <Filter>Core\Reflection\Ponder\Include</Filter>
    </ClInclude>
    <ClInclude Include="..\..\..\..\Engine\Core\Include\ponder\error.hpp">
      <Filter>Core\Reflection\Ponder\Include</Filter>
    </ClInclude>
    <ClInclude Include="..\..\..\..\Engine\Core\Include\ponder\errors.hpp">
      <Filter>Core\Reflection\Ponder\Include</Filter>
    </ClInclude>
    <ClInclude Include="..\..\..\..\Engine\Core\Include\ponder\format.h">
      <Filter>Core\Reflection\Ponder\Include</Filter>
    </ClInclude>
    <ClInclude Include="..\..\..\..\Engine\Core\Include\ponder\function.hpp">
      <Filter>Core\Reflection\Ponder\Include</Filter>
    </ClInclude>
    <ClInclude Include="..\..\..\..\Engine\Core\Include\ponder\observer.hpp">
      <Filter>Core\Reflection\Ponder\Include</Filter>
    </ClInclude>
    <ClInclude Include="..\..\..\..\Engine\Core\Include\ponder\pondertype.hpp">
      <Filter>Core\Reflection\Ponder\Include</Filter>
    </ClInclude>
    <ClInclude Include="..\..\..\..\Engine\Core\Include\ponder\property.hpp">
      <Filter>Core\Reflection\Ponder\Include</Filter>
    </ClInclude>
    <ClInclude Include="..\..\..\..\Engine\Core\Include\ponder\qt\qlist.hpp">
      <Filter>Core\Reflection\Ponder\Include</Filter>
    </ClInclude>
    <ClInclude Include="..\..\..\..\Engine\Core\Include\ponder\qt\qstring.hpp">
      <Filter>Core\Reflection\Ponder\Include</Filter>
    </ClInclude>
    <ClInclude Include="..\..\..\..\Engine\Core\Include\ponder\qt\qt.hpp">
      <Filter>Core\Reflection\Ponder\Include</Filter>
    </ClInclude>
    <ClInclude Include="..\..\..\..\Engine\Core\Include\ponder\qt\qtfunction.hpp">
      <Filter>Core\Reflection\Ponder\Include</Filter>
    </ClInclude>
    <ClInclude Include="..\..\..\..\Engine\Core\Include\ponder\qt\qthelper.hpp">
      <Filter>Core\Reflection\Ponder\Include</Filter>
    </ClInclude>
    <ClInclude Include="..\..\..\..\Engine\Core\Include\ponder\qt\qtmapper.hpp">
      <Filter>Core\Reflection\Ponder\Include</Filter>
    </ClInclude>
    <ClInclude Include="..\..\..\..\Engine\Core\Include\ponder\qt\qtsimpleproperty.hpp">
      <Filter>Core\Reflection\Ponder\Include</Filter>
    </ClInclude>
    <ClInclude Include="..\..\..\..\Engine\Core\Include\ponder\qt\qvector.hpp">
      <Filter>Core\Reflection\Ponder\Include</Filter>
    </ClInclude>
    <ClInclude Include="..\..\..\..\Engine\Core\Include\ponder\simpleproperty.hpp">
      <Filter>Core\Reflection\Ponder\Include</Filter>
    </ClInclude>
    <ClInclude Include="..\..\..\..\Engine\Core\Include\ponder\tagholder.hpp">
      <Filter>Core\Reflection\Ponder\Include</Filter>
    </ClInclude>
    <ClInclude Include="..\..\..\..\Engine\Core\Include\ponder\type.hpp">
      <Filter>Core\Reflection\Ponder\Include</Filter>
    </ClInclude>
    <ClInclude Include="..\..\..\..\Engine\Core\Include\ponder\userobject.hpp">
      <Filter>Core\Reflection\Ponder\Include</Filter>
    </ClInclude>
    <ClInclude Include="..\..\..\..\Engine\Core\Include\ponder\userproperty.hpp">
      <Filter>Core\Reflection\Ponder\Include</Filter>
    </ClInclude>
    <ClInclude Include="..\..\..\..\Engine\Core\Include\ponder\value.hpp">
      <Filter>Core\Reflection\Ponder\Include</Filter>
    </ClInclude>
    <ClInclude Include="..\..\..\..\Engine\Core\Include\ponder\valuemapper.hpp">
      <Filter>Core\Reflection\Ponder\Include</Filter>
    </ClInclude>
    <ClInclude Include="..\..\..\..\Engine\Core\Include\ponder\valuevisitor.hpp">
      <Filter>Core\Reflection\Ponder\Include</Filter>
    </ClInclude>
    <ClInclude Include="..\..\..\..\Engine\Core\Include\ponder\version.hpp">
      <Filter>Core\Reflection\Ponder\Include</Filter>
    </ClInclude>
    <ClInclude Include="..\..\..\..\Engine\Core\Include\ponder-xml\common.hpp">
      <Filter>Core\Reflection\Ponder\Include</Filter>
    </ClInclude>
    <ClInclude Include="..\..\..\..\Engine\Core\Include\ponder-xml\libxml.hpp">
      <Filter>Core\Reflection\Ponder\Include</Filter>
    </ClInclude>
    <ClInclude Include="..\..\..\..\Engine\Core\Include\ponder-xml\qtxml.hpp">
      <Filter>Core\Reflection\Ponder\Include</Filter>
    </ClInclude>
    <ClInclude Include="..\..\..\..\Engine\Core\Include\ponder-xml\rapidxml.hpp">
      <Filter>Core\Reflection\Ponder\Include</Filter>
    </ClInclude>
    <ClInclude Include="..\..\..\..\Engine\Core\Include\ponder-xml\tinyxml.hpp">
      <Filter>Core\Reflection\Ponder\Include</Filter>
    </ClInclude>
    <ClInclude Include="..\..\..\..\Engine\Core\Include\ponder-xml\xerces.hpp">
      <Filter>Core\Reflection\Ponder\Include</Filter>
    </ClInclude>
    <ClInclude Include="..\..\..\..\Engine\Core\Include\Reflection.h">
      <Filter>Core\Reflection</Filter>
    </ClInclude>
    <ClInclude Include="..\..\..\..\Engine\Core\Include\EngineIncludes.h">
      <Filter>Core\Engine\Include</Filter>
    </ClInclude>
  </ItemGroup>
  <ItemGroup>
    <None Include="..\..\..\..\Engine\Core\Include\ponder\class.inl">
      <Filter>Core\Reflection\Ponder\Include</Filter>
    </None>
    <None Include="..\..\..\..\Engine\Core\Include\ponder\classbuilder.inl">
      <Filter>Core\Reflection\Ponder\Include</Filter>
    </None>
    <None Include="..\..\..\..\Engine\Core\Include\ponder\classget.inl">
      <Filter>Core\Reflection\Ponder\Include</Filter>
    </None>
    <None Include="..\..\..\..\Engine\Core\Include\ponder\detail\arraypropertyimpl.inl">
      <Filter>Core\Reflection\Ponder\Include</Filter>
    </None>
    <None Include="..\..\..\..\Engine\Core\Include\ponder\detail\enumpropertyimpl.inl">
      <Filter>Core\Reflection\Ponder\Include</Filter>
    </None>
    <None Include="..\..\..\..\Engine\Core\Include\ponder\detail\getter.inl">
      <Filter>Core\Reflection\Ponder\Include</Filter>
    </None>
    <None Include="..\..\..\..\Engine\Core\Include\ponder\detail\objectholder.inl">
      <Filter>Core\Reflection\Ponder\Include</Filter>
    </None>
    <None Include="..\..\..\..\Engine\Core\Include\ponder\detail\simplepropertyimpl.inl">
      <Filter>Core\Reflection\Ponder\Include</Filter>
    </None>
    <None Include="..\..\..\..\Engine\Core\Include\ponder\detail\userpropertyimpl.inl">
      <Filter>Core\Reflection\Ponder\Include</Filter>
    </None>
    <None Include="..\..\..\..\Engine\Core\Include\ponder\enum.inl">
      <Filter>Core\Reflection\Ponder\Include</Filter>
    </None>
    <None Include="..\..\..\..\Engine\Core\Include\ponder\enumget.inl">
      <Filter>Core\Reflection\Ponder\Include</Filter>
    </None>
    <None Include="..\..\..\..\Engine\Core\Include\ponder\enumobject.inl">
      <Filter>Core\Reflection\Ponder\Include</Filter>
    </None>
    <None Include="..\..\..\..\Engine\Core\Include\ponder\error.inl">
      <Filter>Core\Reflection\Ponder\Include</Filter>
    </None>
    <None Include="..\..\..\..\Engine\Core\Include\ponder\userobject.inl">
      <Filter>Core\Reflection\Ponder\Include</Filter>
    </None>
    <None Include="..\..\..\..\Engine\Core\Include\ponder\value.inl">
      <Filter>Core\Reflection\Ponder\Include</Filter>
    </None>
    <None Include="..\..\..\..\Engine\Core\Include\ponder-xml\common.inl">
      <Filter>Core\Reflection\Ponder\Include</Filter>
    </None>
  </ItemGroup>
</Project>